
Microsoft Visual Studio Solution File, Format Version 12.00
# Visual Studio Version 16
VisualStudioVersion = 16.0.30114.105
MinimumVisualStudioVersion = 10.0.40219.1
Project("{9A19103F-16F7-4668-BE54-9A1E7A4F7556}") = "BlazorMovies.Server", "BlazorMovies\Server\BlazorMovies.Server.csproj", "{4BAA6CB3-F96D-49F4-A583-691C4A5710E4}"
EndProject
Project("{9A19103F-16F7-4668-BE54-9A1E7A4F7556}") = "BlazorMovies.Client", "BlazorMovies\Client\BlazorMovies.Client.csproj", "{38B6CFE0-A35A-48D3-A928-4F0DAE594F48}"
EndProject
Project("{9A19103F-16F7-4668-BE54-9A1E7A4F7556}") = "BlazorMovies.Shared", "BlazorMovies\Shared\BlazorMovies.Shared.csproj", "{C86C6425-B37D-4563-9075-7B8059E9563F}"
EndProject
Global
	GlobalSection(SolutionConfigurationPlatforms) = preSolution
		Debug|Any CPU = Debug|Any CPU
		Release|Any CPU = Release|Any CPU
	EndGlobalSection
	GlobalSection(ProjectConfigurationPlatforms) = postSolution
		{4BAA6CB3-F96D-49F4-A583-691C4A5710E4}.Debug|Any CPU.ActiveCfg = Debug|Any CPU
		{4BAA6CB3-F96D-49F4-A583-691C4A5710E4}.Debug|Any CPU.Build.0 = Debug|Any CPU
		{4BAA6CB3-F96D-49F4-A583-691C4A5710E4}.Release|Any CPU.ActiveCfg = Release|Any CPU
		{4BAA6CB3-F96D-49F4-A583-691C4A5710E4}.Release|Any CPU.Build.0 = Release|Any CPU
		{38B6CFE0-A35A-48D3-A928-4F0DAE594F48}.Debug|Any CPU.ActiveCfg = Debug|Any CPU
		{38B6CFE0-A35A-48D3-A928-4F0DAE594F48}.Debug|Any CPU.Build.0 = Debug|Any CPU
		{38B6CFE0-A35A-48D3-A928-4F0DAE594F48}.Release|Any CPU.ActiveCfg = Release|Any CPU
		{38B6CFE0-A35A-48D3-A928-4F0DAE594F48}.Release|Any CPU.Build.0 = Release|Any CPU
		{C86C6425-B37D-4563-9075-7B8059E9563F}.Debug|Any CPU.ActiveCfg = Debug|Any CPU
		{C86C6425-B37D-4563-9075-7B8059E9563F}.Debug|Any CPU.Build.0 = Debug|Any CPU
		{C86C6425-B37D-4563-9075-7B8059E9563F}.Release|Any CPU.ActiveCfg = Release|Any CPU
		{C86C6425-B37D-4563-9075-7B8059E9563F}.Release|Any CPU.Build.0 = Release|Any CPU
	EndGlobalSection
	GlobalSection(SolutionProperties) = preSolution
		HideSolutionNode = FALSE
	EndGlobalSection
	GlobalSection(ExtensibilityGlobals) = postSolution
		SolutionGuid = {9ABD31DE-C0BE-4F18-8D0B-45D48F1BA0DC}
	EndGlobalSection
EndGlobal
